// !$*UTF8*$!
{
	archiveVersion = 1;
	classes = {
	};
	objectVersion = 55;
	objects = {

/* Begin PBXBuildFile section */
		F11A07D928077C54009F723D /* CharacterDetailView.swift in Sources */ = {isa = PBXBuildFile; fileRef = F11A07D828077C54009F723D /* CharacterDetailView.swift */; };
		F14E652227F798E100A88341 /* StoreDetail.swift in Sources */ = {isa = PBXBuildFile; fileRef = F14E652127F798E100A88341 /* StoreDetail.swift */; };
		F17C2A4D27F6394F00D08062 /* Errors.swift in Sources */ = {isa = PBXBuildFile; fileRef = F17C2A4C27F6394F00D08062 /* Errors.swift */; };
		F1D486E7287F4A9C00B5F1EA /* TruckDetailView.swift in Sources */ = {isa = PBXBuildFile; fileRef = F1D486E6287F4A9C00B5F1EA /* TruckDetailView.swift */; };
		F1DC5DDD2808C3A3002D4BE2 /* PestTruck.swift in Sources */ = {isa = PBXBuildFile; fileRef = F1DC5DDC2808C3A3002D4BE2 /* PestTruck.swift */; };
		F1DC5DE1280F5C3F002D4BE2 /* ScrollingCharacterView.swift in Sources */ = {isa = PBXBuildFile; fileRef = F1DC5DE0280F5C3F002D4BE2 /* ScrollingCharacterView.swift */; };
		F1F7337B27F39CCF0074B5CF /* Bobs_Burgers_SUIApp.swift in Sources */ = {isa = PBXBuildFile; fileRef = F1F7337A27F39CCF0074B5CF /* Bobs_Burgers_SUIApp.swift */; };
		F1F7337F27F39CD10074B5CF /* Assets.xcassets in Resources */ = {isa = PBXBuildFile; fileRef = F1F7337E27F39CD10074B5CF /* Assets.xcassets */; };
		F1F7338227F39CD10074B5CF /* Preview Assets.xcassets in Resources */ = {isa = PBXBuildFile; fileRef = F1F7338127F39CD10074B5CF /* Preview Assets.xcassets */; };
		F1F7338927F39D020074B5CF /* AppTabView.swift in Sources */ = {isa = PBXBuildFile; fileRef = F1F7338827F39D020074B5CF /* AppTabView.swift */; };
		F1F7338B27F39D5A0074B5CF /* CharactersView.swift in Sources */ = {isa = PBXBuildFile; fileRef = F1F7338A27F39D5A0074B5CF /* CharactersView.swift */; };
		F1F7338D27F39D740074B5CF /* StoreNextDoorView.swift in Sources */ = {isa = PBXBuildFile; fileRef = F1F7338C27F39D740074B5CF /* StoreNextDoorView.swift */; };
		F1F7338F27F39D850074B5CF /* PestTruckView.swift in Sources */ = {isa = PBXBuildFile; fileRef = F1F7338E27F39D850074B5CF /* PestTruckView.swift */; };
		F1F7339327F39FE30074B5CF /* NetworkManager.swift in Sources */ = {isa = PBXBuildFile; fileRef = F1F7339227F39FE30074B5CF /* NetworkManager.swift */; };
		F1F7339627F3A3E90074B5CF /* Charater.swift in Sources */ = {isa = PBXBuildFile; fileRef = F1F7339527F3A3E90074B5CF /* Charater.swift */; };
		F1F7339827F3A5E70074B5CF /* Store.swift in Sources */ = {isa = PBXBuildFile; fileRef = F1F7339727F3A5E70074B5CF /* Store.swift */; };
/* End PBXBuildFile section */

/* Begin PBXFileReference section */
		F11A07D828077C54009F723D /* CharacterDetailView.swift */ = {isa = PBXFileReference; lastKnownFileType = sourcecode.swift; path = CharacterDetailView.swift; sourceTree = "<group>"; };
		F14E652127F798E100A88341 /* StoreDetail.swift */ = {isa = PBXFileReference; lastKnownFileType = sourcecode.swift; path = StoreDetail.swift; sourceTree = "<group>"; };
		F17C2A4C27F6394F00D08062 /* Errors.swift */ = {isa = PBXFileReference; lastKnownFileType = sourcecode.swift; path = Errors.swift; sourceTree = "<group>"; };
		F1D486E6287F4A9C00B5F1EA /* TruckDetailView.swift */ = {isa = PBXFileReference; lastKnownFileType = sourcecode.swift; path = TruckDetailView.swift; sourceTree = "<group>"; };
		F1DC5DDC2808C3A3002D4BE2 /* PestTruck.swift */ = {isa = PBXFileReference; lastKnownFileType = sourcecode.swift; path = PestTruck.swift; sourceTree = "<group>"; };
		F1DC5DE0280F5C3F002D4BE2 /* ScrollingCharacterView.swift */ = {isa = PBXFileReference; lastKnownFileType = sourcecode.swift; path = ScrollingCharacterView.swift; sourceTree = "<group>"; };
		F1F7337727F39CCF0074B5CF /* Bobs Burgers SUI.app */ = {isa = PBXFileReference; explicitFileType = wrapper.application; includeInIndex = 0; path = "Bobs Burgers SUI.app"; sourceTree = BUILT_PRODUCTS_DIR; };
		F1F7337A27F39CCF0074B5CF /* Bobs_Burgers_SUIApp.swift */ = {isa = PBXFileReference; lastKnownFileType = sourcecode.swift; path = Bobs_Burgers_SUIApp.swift; sourceTree = "<group>"; };
		F1F7337E27F39CD10074B5CF /* Assets.xcassets */ = {isa = PBXFileReference; lastKnownFileType = folder.assetcatalog; path = Assets.xcassets; sourceTree = "<group>"; };
		F1F7338127F39CD10074B5CF /* Preview Assets.xcassets */ = {isa = PBXFileReference; lastKnownFileType = folder.assetcatalog; path = "Preview Assets.xcassets"; sourceTree = "<group>"; };
		F1F7338827F39D020074B5CF /* AppTabView.swift */ = {isa = PBXFileReference; lastKnownFileType = sourcecode.swift; path = AppTabView.swift; sourceTree = "<group>"; };
		F1F7338A27F39D5A0074B5CF /* CharactersView.swift */ = {isa = PBXFileReference; lastKnownFileType = sourcecode.swift; path = CharactersView.swift; sourceTree = "<group>"; };
		F1F7338C27F39D740074B5CF /* StoreNextDoorView.swift */ = {isa = PBXFileReference; lastKnownFileType = sourcecode.swift; path = StoreNextDoorView.swift; sourceTree = "<group>"; };
		F1F7338E27F39D850074B5CF /* PestTruckView.swift */ = {isa = PBXFileReference; lastKnownFileType = sourcecode.swift; path = PestTruckView.swift; sourceTree = "<group>"; };
		F1F7339227F39FE30074B5CF /* NetworkManager.swift */ = {isa = PBXFileReference; lastKnownFileType = sourcecode.swift; path = NetworkManager.swift; sourceTree = "<group>"; };
		F1F7339527F3A3E90074B5CF /* Charater.swift */ = {isa = PBXFileReference; lastKnownFileType = sourcecode.swift; path = Charater.swift; sourceTree = "<group>"; };
		F1F7339727F3A5E70074B5CF /* Store.swift */ = {isa = PBXFileReference; lastKnownFileType = sourcecode.swift; path = Store.swift; sourceTree = "<group>"; };
/* End PBXFileReference section */

/* Begin PBXFrameworksBuildPhase section */
		F1F7337427F39CCF0074B5CF /* Frameworks */ = {
			isa = PBXFrameworksBuildPhase;
			buildActionMask = 2147483647;
			files = (
			);
			runOnlyForDeploymentPostprocessing = 0;
		};
/* End PBXFrameworksBuildPhase section */

/* Begin PBXGroup section */
		F11A07D728077C39009F723D /* DetailViews */ = {
			isa = PBXGroup;
			children = (
				F14E652127F798E100A88341 /* StoreDetail.swift */,
				F11A07D828077C54009F723D /* CharacterDetailView.swift */,
				F1D486E6287F4A9C00B5F1EA /* TruckDetailView.swift */,
			);
			path = DetailViews;
			sourceTree = "<group>";
		};
		F1F7336E27F39CCF0074B5CF = {
			isa = PBXGroup;
			children = (
				F1F7337927F39CCF0074B5CF /* Bobs Burgers SUI */,
				F1F7337827F39CCF0074B5CF /* Products */,
			);
			sourceTree = "<group>";
		};
		F1F7337827F39CCF0074B5CF /* Products */ = {
			isa = PBXGroup;
			children = (
				F1F7337727F39CCF0074B5CF /* Bobs Burgers SUI.app */,
			);
			name = Products;
			sourceTree = "<group>";
		};
		F1F7337927F39CCF0074B5CF /* Bobs Burgers SUI */ = {
			isa = PBXGroup;
			children = (
				F1F7337A27F39CCF0074B5CF /* Bobs_Burgers_SUIApp.swift */,
				F1F7338827F39D020074B5CF /* AppTabView.swift */,
				F1F7339127F39FC30074B5CF /* Helper */,
				F1F7339027F39F170074B5CF /* Screens */,
				F1F7339427F3A3B60074B5CF /* Model */,
				F1F7337E27F39CD10074B5CF /* Assets.xcassets */,
				F1F7338027F39CD10074B5CF /* Preview Content */,
			);
			path = "Bobs Burgers SUI";
			sourceTree = "<group>";
		};
		F1F7338027F39CD10074B5CF /* Preview Content */ = {
			isa = PBXGroup;
			children = (
				F1F7338127F39CD10074B5CF /* Preview Assets.xcassets */,
			);
			path = "Preview Content";
			sourceTree = "<group>";
		};
		F1F7339027F39F170074B5CF /* Screens */ = {
			isa = PBXGroup;
			children = (
				F1F7338A27F39D5A0074B5CF /* CharactersView.swift */,
				F1F7338C27F39D740074B5CF /* StoreNextDoorView.swift */,
				F1F7338E27F39D850074B5CF /* PestTruckView.swift */,
				F1DC5DE0280F5C3F002D4BE2 /* ScrollingCharacterView.swift */,
				F11A07D728077C39009F723D /* DetailViews */,
			);
			path = Screens;
			sourceTree = "<group>";
		};
		F1F7339127F39FC30074B5CF /* Helper */ = {
			isa = PBXGroup;
			children = (
				F1F7339227F39FE30074B5CF /* NetworkManager.swift */,
				F17C2A4C27F6394F00D08062 /* Errors.swift */,
			);
			path = Helper;
			sourceTree = "<group>";
		};
		F1F7339427F3A3B60074B5CF /* Model */ = {
			isa = PBXGroup;
			children = (
				F1F7339527F3A3E90074B5CF /* Charater.swift */,
				F1F7339727F3A5E70074B5CF /* Store.swift */,
				F1DC5DDC2808C3A3002D4BE2 /* PestTruck.swift */,
			);
			path = Model;
			sourceTree = "<group>";
		};
/* End PBXGroup section */

/* Begin PBXNativeTarget section */
		F1F7337627F39CCF0074B5CF /* Bobs Burgers SUI */ = {
			isa = PBXNativeTarget;
			buildConfigurationList = F1F7338527F39CD10074B5CF /* Build configuration list for PBXNativeTarget "Bobs Burgers SUI" */;
			buildPhases = (
				F1F7337327F39CCF0074B5CF /* Sources */,
				F1F7337427F39CCF0074B5CF /* Frameworks */,
				F1F7337527F39CCF0074B5CF /* Resources */,
			);
			buildRules = (
			);
			dependencies = (
			);
			name = "Bobs Burgers SUI";
			productName = "Bobs Burgers SUI";
			productReference = F1F7337727F39CCF0074B5CF /* Bobs Burgers SUI.app */;
			productType = "com.apple.product-type.application";
		};
/* End PBXNativeTarget section */

/* Begin PBXProject section */
		F1F7336F27F39CCF0074B5CF /* Project object */ = {
			isa = PBXProject;
			attributes = {
				BuildIndependentTargetsInParallel = 1;
				LastSwiftUpdateCheck = 1320;
				LastUpgradeCheck = 1320;
				TargetAttributes = {
					F1F7337627F39CCF0074B5CF = {
						CreatedOnToolsVersion = 13.2.1;
					};
				};
			};
			buildConfigurationList = F1F7337227F39CCF0074B5CF /* Build configuration list for PBXProject "Bobs Burgers SUI" */;
			compatibilityVersion = "Xcode 13.0";
			developmentRegion = en;
			hasScannedForEncodings = 0;
			knownRegions = (
				en,
				Base,
			);
			mainGroup = F1F7336E27F39CCF0074B5CF;
			productRefGroup = F1F7337827F39CCF0074B5CF /* Products */;
			projectDirPath = "";
			projectRoot = "";
			targets = (
				F1F7337627F39CCF0074B5CF /* Bobs Burgers SUI */,
			);
		};
/* End PBXProject section */

/* Begin PBXResourcesBuildPhase section */
		F1F7337527F39CCF0074B5CF /* Resources */ = {
			isa = PBXResourcesBuildPhase;
			buildActionMask = 2147483647;
			files = (
				F1F7338227F39CD10074B5CF /* Preview Assets.xcassets in Resources */,
				F1F7337F27F39CD10074B5CF /* Assets.xcassets in Resources */,
			);
			runOnlyForDeploymentPostprocessing = 0;
		};
/* End PBXResourcesBuildPhase section */

/* Begin PBXSourcesBuildPhase section */
		F1F7337327F39CCF0074B5CF /* Sources */ = {
			isa = PBXSourcesBuildPhase;
			buildActionMask = 2147483647;
			files = (
				F1F7339327F39FE30074B5CF /* NetworkManager.swift in Sources */,
				F1DC5DE1280F5C3F002D4BE2 /* ScrollingCharacterView.swift in Sources */,
				F11A07D928077C54009F723D /* CharacterDetailView.swift in Sources */,
				F1F7338927F39D020074B5CF /* AppTabView.swift in Sources */,
				F1F7338B27F39D5A0074B5CF /* CharactersView.swift in Sources */,
				F1F7339827F3A5E70074B5CF /* Store.swift in Sources */,
				F1F7337B27F39CCF0074B5CF /* Bobs_Burgers_SUIApp.swift in Sources */,
				F1F7338F27F39D850074B5CF /* PestTruckView.swift in Sources */,
				F1DC5DDD2808C3A3002D4BE2 /* PestTruck.swift in Sources */,
				F1D486E7287F4A9C00B5F1EA /* TruckDetailView.swift in Sources */,
				F14E652227F798E100A88341 /* StoreDetail.swift in Sources */,
				F1F7339627F3A3E90074B5CF /* Charater.swift in Sources */,
				F17C2A4D27F6394F00D08062 /* Errors.swift in Sources */,
				F1F7338D27F39D740074B5CF /* StoreNextDoorView.swift in Sources */,
			);
			runOnlyForDeploymentPostprocessing = 0;
		};
/* End PBXSourcesBuildPhase section */

/* Begin XCBuildConfiguration section */
		F1F7338327F39CD10074B5CF /* Debug */ = {
			isa = XCBuildConfiguration;
			buildSettings = {
				ALWAYS_SEARCH_USER_PATHS = NO;
				CLANG_ANALYZER_NONNULL = YES;
				CLANG_ANALYZER_NUMBER_OBJECT_CONVERSION = YES_AGGRESSIVE;
				CLANG_CXX_LANGUAGE_STANDARD = "gnu++17";
				CLANG_CXX_LIBRARY = "libc++";
				CLANG_ENABLE_MODULES = YES;
				CLANG_ENABLE_OBJC_ARC = YES;
				CLANG_ENABLE_OBJC_WEAK = YES;
				CLANG_WARN_BLOCK_CAPTURE_AUTORELEASING = YES;
				CLANG_WARN_BOOL_CONVERSION = YES;
				CLANG_WARN_COMMA = YES;
				CLANG_WARN_CONSTANT_CONVERSION = YES;
				CLANG_WARN_DEPRECATED_OBJC_IMPLEMENTATIONS = YES;
				CLANG_WARN_DIRECT_OBJC_ISA_USAGE = YES_ERROR;
				CLANG_WARN_DOCUMENTATION_COMMENTS = YES;
				CLANG_WARN_EMPTY_BODY = YES;
				CLANG_WARN_ENUM_CONVERSION = YES;
				CLANG_WARN_INFINITE_RECURSION = YES;
				CLANG_WARN_INT_CONVERSION = YES;
				CLANG_WARN_NON_LITERAL_NULL_CONVERSION = YES;
				CLANG_WARN_OBJC_IMPLICIT_RETAIN_SELF = YES;
				CLANG_WARN_OBJC_LITERAL_CONVERSION = YES;
				CLANG_WARN_OBJC_ROOT_CLASS = YES_ERROR;
				CLANG_WARN_QUOTED_INCLUDE_IN_FRAMEWORK_HEADER = YES;
				CLANG_WARN_RANGE_LOOP_ANALYSIS = YES;
				CLANG_WARN_STRICT_PROTOTYPES = YES;
				CLANG_WARN_SUSPICIOUS_MOVE = YES;
				CLANG_WARN_UNGUARDED_AVAILABILITY = YES_AGGRESSIVE;
				CLANG_WARN_UNREACHABLE_CODE = YES;
				CLANG_WARN__DUPLICATE_METHOD_MATCH = YES;
				COPY_PHASE_STRIP = NO;
				DEBUG_INFORMATION_FORMAT = dwarf;
				ENABLE_STRICT_OBJC_MSGSEND = YES;
				ENABLE_TESTABILITY = YES;
				GCC_C_LANGUAGE_STANDARD = gnu11;
				GCC_DYNAMIC_NO_PIC = NO;
				GCC_NO_COMMON_BLOCKS = YES;
				GCC_OPTIMIZATION_LEVEL = 0;
				GCC_PREPROCESSOR_DEFINITIONS = (
					"DEBUG=1",
					"$(inherited)",
				);
				GCC_WARN_64_TO_32_BIT_CONVERSION = YES;
				GCC_WARN_ABOUT_RETURN_TYPE = YES_ERROR;
				GCC_WARN_UNDECLARED_SELECTOR = YES;
				GCC_WARN_UNINITIALIZED_AUTOS = YES_AGGRESSIVE;
				GCC_WARN_UNUSED_FUNCTION = YES;
				GCC_WARN_UNUSED_VARIABLE = YES;
				IPHONEOS_DEPLOYMENT_TARGET = 15.2;
				MTL_ENABLE_DEBUG_INFO = INCLUDE_SOURCE;
				MTL_FAST_MATH = YES;
				ONLY_ACTIVE_ARCH = YES;
				SDKROOT = iphoneos;
				SWIFT_ACTIVE_COMPILATION_CONDITIONS = DEBUG;
				SWIFT_OPTIMIZATION_LEVEL = "-Onone";
			};
			name = Debug;
		};
		F1F7338427F39CD10074B5CF /* Release */ = {
			isa = XCBuildConfiguration;
			buildSettings = {
				ALWAYS_SEARCH_USER_PATHS = NO;
				CLANG_ANALYZER_NONNULL = YES;
				CLANG_ANALYZER_NUMBER_OBJECT_CONVERSION = YES_AGGRESSIVE;
				CLANG_CXX_LANGUAGE_STANDARD = "gnu++17";
				CLANG_CXX_LIBRARY = "libc++";
				CLANG_ENABLE_MODULES = YES;
				CLANG_ENABLE_OBJC_ARC = YES;
				CLANG_ENABLE_OBJC_WEAK = YES;
				CLANG_WARN_BLOCK_CAPTURE_AUTORELEASING = YES;
				CLANG_WARN_BOOL_CONVERSION = YES;
				CLANG_WARN_COMMA = YES;
				CLANG_WARN_CONSTANT_CONVERSION = YES;
				CLANG_WARN_DEPRECATED_OBJC_IMPLEMENTATIONS = YES;
				CLANG_WARN_DIRECT_OBJC_ISA_USAGE = YES_ERROR;
				CLANG_WARN_DOCUMENTATION_COMMENTS = YES;
				CLANG_WARN_EMPTY_BODY = YES;
				CLANG_WARN_ENUM_CONVERSION = YES;
				CLANG_WARN_INFINITE_RECURSION = YES;
				CLANG_WARN_INT_CONVERSION = YES;
				CLANG_WARN_NON_LITERAL_NULL_CONVERSION = YES;
				CLANG_WARN_OBJC_IMPLICIT_RETAIN_SELF = YES;
				CLANG_WARN_OBJC_LITERAL_CONVERSION = YES;
				CLANG_WARN_OBJC_ROOT_CLASS = YES_ERROR;
				CLANG_WARN_QUOTED_INCLUDE_IN_FRAMEWORK_HEADER = YES;
				CLANG_WARN_RANGE_LOOP_ANALYSIS = YES;
				CLANG_WARN_STRICT_PROTOTYPES = YES;
				CLANG_WARN_SUSPICIOUS_MOVE = YES;
				CLANG_WARN_UNGUARDED_AVAILABILITY = YES_AGGRESSIVE;
				CLANG_WARN_UNREACHABLE_CODE = YES;
				CLANG_WARN__DUPLICATE_METHOD_MATCH = YES;
				COPY_PHASE_STRIP = NO;
				DEBUG_INFORMATION_FORMAT = "dwarf-with-dsym";
				ENABLE_NS_ASSERTIONS = NO;
				ENABLE_STRICT_OBJC_MSGSEND = YES;
				GCC_C_LANGUAGE_STANDARD = gnu11;
				GCC_NO_COMMON_BLOCKS = YES;
				GCC_WARN_64_TO_32_BIT_CONVERSION = YES;
				GCC_WARN_ABOUT_RETURN_TYPE = YES_ERROR;
				GCC_WARN_UNDECLARED_SELECTOR = YES;
				GCC_WARN_UNINITIALIZED_AUTOS = YES_AGGRESSIVE;
				GCC_WARN_UNUSED_FUNCTION = YES;
				GCC_WARN_UNUSED_VARIABLE = YES;
				IPHONEOS_DEPLOYMENT_TARGET = 15.2;
				MTL_ENABLE_DEBUG_INFO = NO;
				MTL_FAST_MATH = YES;
				SDKROOT = iphoneos;
				SWIFT_COMPILATION_MODE = wholemodule;
				SWIFT_OPTIMIZATION_LEVEL = "-O";
				VALIDATE_PRODUCT = YES;
			};
			name = Release;
		};
		F1F7338627F39CD10074B5CF /* Debug */ = {
			isa = XCBuildConfiguration;
			buildSettings = {
				ASSETCATALOG_COMPILER_APPICON_NAME = AppIcon;
				ASSETCATALOG_COMPILER_GLOBAL_ACCENT_COLOR_NAME = AccentColor;
				CODE_SIGN_STYLE = Automatic;
				CURRENT_PROJECT_VERSION = 1;
				DEVELOPMENT_ASSET_PATHS = "\"Bobs Burgers SUI/Preview Content\"";
				DEVELOPMENT_TEAM = M29HL334KG;
				ENABLE_PREVIEWS = YES;
				GENERATE_INFOPLIST_FILE = YES;
				INFOPLIST_KEY_UIApplicationSceneManifest_Generation = YES;
				INFOPLIST_KEY_UIApplicationSupportsIndirectInputEvents = YES;
				INFOPLIST_KEY_UILaunchScreen_Generation = YES;
				INFOPLIST_KEY_UISupportedInterfaceOrientations_iPad = "UIInterfaceOrientationPortrait UIInterfaceOrientationPortraitUpsideDown UIInterfaceOrientationLandscapeLeft UIInterfaceOrientationLandscapeRight";
				INFOPLIST_KEY_UISupportedInterfaceOrientations_iPhone = "UIInterfaceOrientationPortrait UIInterfaceOrientationLandscapeLeft UIInterfaceOrientationLandscapeRight";
				LD_RUNPATH_SEARCH_PATHS = (
					"$(inherited)",
					"@executable_path/Frameworks",
				);
				MARKETING_VERSION = 1.0;
				PRODUCT_BUNDLE_IDENTIFIER = "com.justinseal.Bobs-Burgers-SUI";
				PRODUCT_NAME = "$(TARGET_NAME)";
				SWIFT_EMIT_LOC_STRINGS = YES;
				SWIFT_VERSION = 5.0;
				TARGETED_DEVICE_FAMILY = "1,2";
			};
			name = Debug;
		};
		F1F7338727F39CD10074B5CF /* Release */ = {
			isa = XCBuildConfiguration;
			buildSettings = {
				ASSETCATALOG_COMPILER_APPICON_NAME = AppIcon;
				ASSETCATALOG_COMPILER_GLOBAL_ACCENT_COLOR_NAME = AccentColor;
				CODE_SIGN_STYLE = Automatic;
				CURRENT_PROJECT_VERSION = 1;
				DEVELOPMENT_ASSET_PATHS = "\"Bobs Burgers SUI/Preview Content\"";
				DEVELOPMENT_TEAM = M29HL334KG;
				ENABLE_PREVIEWS = YES;
				GENERATE_INFOPLIST_FILE = YES;
				INFOPLIST_KEY_UIApplicationSceneManifest_Generation = YES;
				INFOPLIST_KEY_UIApplicationSupportsIndirectInputEvents = YES;
				INFOPLIST_KEY_UILaunchScreen_Generation = YES;
				INFOPLIST_KEY_UISupportedInterfaceOrientations_iPad = "UIInterfaceOrientationPortrait UIInterfaceOrientationPortraitUpsideDown UIInterfaceOrientationLandscapeLeft UIInterfaceOrientationLandscapeRight";
				INFOPLIST_KEY_UISupportedInterfaceOrientations_iPhone = "UIInterfaceOrientationPortrait UIInterfaceOrientationLandscapeLeft UIInterfaceOrientationLandscapeRight";
				LD_RUNPATH_SEARCH_PATHS = (
					"$(inherited)",
					"@executable_path/Frameworks",
				);
				MARKETING_VERSION = 1.0;
				PRODUCT_BUNDLE_IDENTIFIER = "com.justinseal.Bobs-Burgers-SUI";
				PRODUCT_NAME = "$(TARGET_NAME)";
				SWIFT_EMIT_LOC_STRINGS = YES;
				SWIFT_VERSION = 5.0;
				TARGETED_DEVICE_FAMILY = "1,2";
			};
			name = Release;
		};
/* End XCBuildConfiguration section */

/* Begin XCConfigurationList section */
		F1F7337227F39CCF0074B5CF /* Build configuration list for PBXProject "Bobs Burgers SUI" */ = {
			isa = XCConfigurationList;
			buildConfigurations = (
				F1F7338327F39CD10074B5CF /* Debug */,
				F1F7338427F39CD10074B5CF /* Release */,
			);
			defaultConfigurationIsVisible = 0;
			defaultConfigurationName = Release;
		};
		F1F7338527F39CD10074B5CF /* Build configuration list for PBXNativeTarget "Bobs Burgers SUI" */ = {
			isa = XCConfigurationList;
			buildConfigurations = (
				F1F7338627F39CD10074B5CF /* Debug */,
				F1F7338727F39CD10074B5CF /* Release */,
			);
			defaultConfigurationIsVisible = 0;
			defaultConfigurationName = Release;
		};
/* End XCConfigurationList section */
	};
	rootObject = F1F7336F27F39CCF0074B5CF /* Project object */;
}
